
Microsoft Visual Studio Solution File, Format Version 12.00
# Visual Studio Version 17
VisualStudioVersion = 17.5.33424.131
MinimumVisualStudioVersion = 10.0.40219.1
Project("{FAE04EC0-301F-11D3-BF4B-00C04F79EFBC}") = "DataDosen", "DataDosen.csproj", "{91205F70-06F7-447D-8C97-6D1E3E331A36}"
EndProject
Global
	GlobalSection(SolutionConfigurationPlatforms) = preSolution
		Debug|Any CPU = Debug|Any CPU
		Release|Any CPU = Release|Any CPU
	EndGlobalSection
	GlobalSection(ProjectConfigurationPlatforms) = postSolution
		{91205F70-06F7-447D-8C97-6D1E3E331A36}.Debug|Any CPU.ActiveCfg = Debug|Any CPU
		{91205F70-06F7-447D-8C97-6D1E3E331A36}.Debug|Any CPU.Build.0 = Debug|Any CPU
		{91205F70-06F7-447D-8C97-6D1E3E331A36}.Release|Any CPU.ActiveCfg = Release|Any CPU
		{91205F70-06F7-447D-8C97-6D1E3E331A36}.Release|Any CPU.Build.0 = Release|Any CPU
	EndGlobalSection
	GlobalSection(SolutionProperties) = preSolution
		HideSolutionNode = FALSE
	EndGlobalSection
	GlobalSection(ExtensibilityGlobals) = postSolution
		SolutionGuid = {9F03C0F3-99AF-4502-AEC5-147F42BDB08E}
	EndGlobalSection
EndGlobal
